
Microsoft Visual Studio Solution File, Format Version 12.00
# Visual Studio 2013
VisualStudioVersion = 12.0.31101.0
MinimumVisualStudioVersion = 10.0.40219.1
Project("{2150E333-8FDC-42A3-9474-1A3956D46DE8}") = "Engine", "Engine", "{8F8CC89F-A7EC-422D-B66C-D03362C71CA2}"
EndProject
Project("{2150E333-8FDC-42A3-9474-1A3956D46DE8}") = "Games", "Games", "{D35FE314-77A8-438A-9D62-91C5A4CC45F3}"
EndProject
Project("{8BC9CEB8-8B4A-11D0-8D11-00A0C91BC942}") = "LastResort", "Intermediate\ProjectFiles\LastResort.vcxproj", "{62E57846-0D72-4783-B446-EEECD48973F2}"
EndProject
Project("{8BC9CEB8-8B4A-11D0-8D11-00A0C91BC942}") = "UE4", "Intermediate\ProjectFiles\UE4.vcxproj", "{879178D1-4585-4E4D-AA8B-78EEE256E89C}"
EndProject
Global
	GlobalSection(SolutionConfigurationPlatforms) = preSolution
		DebugGame Editor|Win32 = DebugGame Editor|Win32
		DebugGame Editor|Win64 = DebugGame Editor|Win64
		DebugGame|Win32 = DebugGame|Win32
		DebugGame|Win64 = DebugGame|Win64
		Development Editor|Win32 = Development Editor|Win32
		Development Editor|Win64 = Development Editor|Win64
		Development|Win32 = Development|Win32
		Development|Win64 = Development|Win64
		Shipping|Win32 = Shipping|Win32
		Shipping|Win64 = Shipping|Win64
	EndGlobalSection
	GlobalSection(ProjectConfigurationPlatforms) = postSolution
		{62E57846-0D72-4783-B446-EEECD48973F2}.DebugGame Editor|Win32.ActiveCfg = Development_Game|x64
		{62E57846-0D72-4783-B446-EEECD48973F2}.DebugGame Editor|Win64.ActiveCfg = DebugGame_Editor|x64
		{62E57846-0D72-4783-B446-EEECD48973F2}.DebugGame Editor|Win64.Build.0 = DebugGame_Editor|x64
		{62E57846-0D72-4783-B446-EEECD48973F2}.DebugGame|Win32.ActiveCfg = DebugGame_Game|Win32
		{62E57846-0D72-4783-B446-EEECD48973F2}.DebugGame|Win32.Build.0 = DebugGame_Game|Win32
		{62E57846-0D72-4783-B446-EEECD48973F2}.DebugGame|Win64.ActiveCfg = DebugGame_Game|x64
		{62E57846-0D72-4783-B446-EEECD48973F2}.DebugGame|Win64.Build.0 = DebugGame_Game|x64
		{62E57846-0D72-4783-B446-EEECD48973F2}.Development Editor|Win32.ActiveCfg = Development_Game|x64
		{62E57846-0D72-4783-B446-EEECD48973F2}.Development Editor|Win64.ActiveCfg = Development_Editor|x64
		{62E57846-0D72-4783-B446-EEECD48973F2}.Development Editor|Win64.Build.0 = Development_Editor|x64
		{62E57846-0D72-4783-B446-EEECD48973F2}.Development|Win32.ActiveCfg = Development_Game|Win32
		{62E57846-0D72-4783-B446-EEECD48973F2}.Development|Win32.Build.0 = Development_Game|Win32
		{62E57846-0D72-4783-B446-EEECD48973F2}.Development|Win64.ActiveCfg = Development_Game|x64
		{62E57846-0D72-4783-B446-EEECD48973F2}.Development|Win64.Build.0 = Development_Game|x64
		{62E57846-0D72-4783-B446-EEECD48973F2}.Shipping|Win32.ActiveCfg = Shipping_Game|Win32
		{62E57846-0D72-4783-B446-EEECD48973F2}.Shipping|Win32.Build.0 = Shipping_Game|Win32
		{62E57846-0D72-4783-B446-EEECD48973F2}.Shipping|Win64.ActiveCfg = Shipping_Game|x64
		{62E57846-0D72-4783-B446-EEECD48973F2}.Shipping|Win64.Build.0 = Shipping_Game|x64
		{879178D1-4585-4E4D-AA8B-78EEE256E89C}.DebugGame Editor|Win32.ActiveCfg = BuiltWithUnrealBuildTool|Win32
		{879178D1-4585-4E4D-AA8B-78EEE256E89C}.DebugGame Editor|Win32.Build.0 = BuiltWithUnrealBuildTool|Win32
		{879178D1-4585-4E4D-AA8B-78EEE256E89C}.DebugGame Editor|Win64.ActiveCfg = BuiltWithUnrealBuildTool|Win32
		{879178D1-4585-4E4D-AA8B-78EEE256E89C}.DebugGame|Win32.ActiveCfg = BuiltWithUnrealBuildTool|Win32
		{879178D1-4585-4E4D-AA8B-78EEE256E89C}.DebugGame|Win32.Build.0 = BuiltWithUnrealBuildTool|Win32
		{879178D1-4585-4E4D-AA8B-78EEE256E89C}.DebugGame|Win64.ActiveCfg = BuiltWithUnrealBuildTool|Win32
		{879178D1-4585-4E4D-AA8B-78EEE256E89C}.Development Editor|Win32.ActiveCfg = BuiltWithUnrealBuildTool|Win32
		{879178D1-4585-4E4D-AA8B-78EEE256E89C}.Development Editor|Win32.Build.0 = BuiltWithUnrealBuildTool|Win32
		{879178D1-4585-4E4D-AA8B-78EEE256E89C}.Development Editor|Win64.ActiveCfg = BuiltWithUnrealBuildTool|Win32
		{879178D1-4585-4E4D-AA8B-78EEE256E89C}.Development|Win32.ActiveCfg = BuiltWithUnrealBuildTool|Win32
		{879178D1-4585-4E4D-AA8B-78EEE256E89C}.Development|Win32.Build.0 = BuiltWithUnrealBuildTool|Win32
		{879178D1-4585-4E4D-AA8B-78EEE256E89C}.Development|Win64.ActiveCfg = BuiltWithUnrealBuildTool|Win32
		{879178D1-4585-4E4D-AA8B-78EEE256E89C}.Shipping|Win32.ActiveCfg = BuiltWithUnrealBuildTool|Win32
		{879178D1-4585-4E4D-AA8B-78EEE256E89C}.Shipping|Win32.Build.0 = BuiltWithUnrealBuildTool|Win32
		{879178D1-4585-4E4D-AA8B-78EEE256E89C}.Shipping|Win64.ActiveCfg = BuiltWithUnrealBuildTool|Win32
	EndGlobalSection
	GlobalSection(SolutionProperties) = preSolution
		HideSolutionNode = FALSE
	EndGlobalSection
	GlobalSection(NestedProjects) = preSolution
		{62E57846-0D72-4783-B446-EEECD48973F2} = {D35FE314-77A8-438A-9D62-91C5A4CC45F3}
		{879178D1-4585-4E4D-AA8B-78EEE256E89C} = {8F8CC89F-A7EC-422D-B66C-D03362C71CA2}
	EndGlobalSection
EndGlobal
